// !$*UTF8*$!
{
	archiveVersion = 1;
	classes = {
	};
	objectVersion = 46;
	objects = {

/* Begin PBXBuildFile section */
		E801B8981E8684A900F6B56C /* Cash.swift in Sources */ = {isa = PBXBuildFile; fileRef = E801B8971E8684A900F6B56C /* Cash.swift */; };
		E801B89A1E86887100F6B56C /* CashContext.swift in Sources */ = {isa = PBXBuildFile; fileRef = E801B8991E86887100F6B56C /* CashContext.swift */; };
		E801B89D1E868E2C00F6B56C /* Person.swift in Sources */ = {isa = PBXBuildFile; fileRef = E801B89C1E868E2C00F6B56C /* Person.swift */; };
		E801B89F1E868EBC00F6B56C /* Finery.swift in Sources */ = {isa = PBXBuildFile; fileRef = E801B89E1E868EBC00F6B56C /* Finery.swift */; };
		E801B8A21E86939500F6B56C /* Pursuit.swift in Sources */ = {isa = PBXBuildFile; fileRef = E801B8A11E86939500F6B56C /* Pursuit.swift */; };
		E801B8A41E86964E00F6B56C /* Send.swift in Sources */ = {isa = PBXBuildFile; fileRef = E801B8A31E86964E00F6B56C /* Send.swift */; };
		E801B8A71E869A1200F6B56C /* WorkExperience.swift in Sources */ = {isa = PBXBuildFile; fileRef = E801B8A61E869A1200F6B56C /* WorkExperience.swift */; };
		E801B8A91E869ACC00F6B56C /* Resume.swift in Sources */ = {isa = PBXBuildFile; fileRef = E801B8A81E869ACC00F6B56C /* Resume.swift */; };
		E801B8AC1E869E7F00F6B56C /* Exam.swift in Sources */ = {isa = PBXBuildFile; fileRef = E801B8AB1E869E7F00F6B56C /* Exam.swift */; };
		E801B8AE1E869FD100F6B56C /* Paper.swift in Sources */ = {isa = PBXBuildFile; fileRef = E801B8AD1E869FD100F6B56C /* Paper.swift */; };
		E801B8B11E86A35400F6B56C /* Stock.swift in Sources */ = {isa = PBXBuildFile; fileRef = E801B8B01E86A35400F6B56C /* Stock.swift */; };
		E801B8B31E86A51600F6B56C /* Fund.swift in Sources */ = {isa = PBXBuildFile; fileRef = E801B8B21E86A51600F6B56C /* Fund.swift */; };
		E80B4CD11E8672C1006A6EB3 /* Factory_Method.swift in Sources */ = {isa = PBXBuildFile; fileRef = E80B4CD01E8672C1006A6EB3 /* Factory_Method.swift */; };
		E80B4CD31E8672F8006A6EB3 /* Abstract_Factory.swift in Sources */ = {isa = PBXBuildFile; fileRef = E80B4CD21E8672F8006A6EB3 /* Abstract_Factory.swift */; };
		E80B4CD51E8675C7006A6EB3 /* User.swift in Sources */ = {isa = PBXBuildFile; fileRef = E80B4CD41E8675C7006A6EB3 /* User.swift */; };
		E80B4CD71E8675DE006A6EB3 /* Department.swift in Sources */ = {isa = PBXBuildFile; fileRef = E80B4CD61E8675DE006A6EB3 /* Department.swift */; };
		E86B762D1E7CE695003CDE9E /* main.swift in Sources */ = {isa = PBXBuildFile; fileRef = E86B762C1E7CE695003CDE9E /* main.swift */; };
		E86B76351E7CE70B003CDE9E /* Simple_Factory.swift in Sources */ = {isa = PBXBuildFile; fileRef = E86B76341E7CE70B003CDE9E /* Simple_Factory.swift */; };
		E8F9E0101E86A8B900315078 /* PersonBulider.swift in Sources */ = {isa = PBXBuildFile; fileRef = E8F9E00F1E86A8B900315078 /* PersonBulider.swift */; };
		E8F9E0131E86ADED00315078 /* Subject.swift in Sources */ = {isa = PBXBuildFile; fileRef = E8F9E0121E86ADED00315078 /* Subject.swift */; };
		E8F9E0151E86AE5500315078 /* Observer.swift in Sources */ = {isa = PBXBuildFile; fileRef = E8F9E0141E86AE5500315078 /* Observer.swift */; };
		E8F9E0181E86B1FB00315078 /* Delegate.swift in Sources */ = {isa = PBXBuildFile; fileRef = E8F9E0171E86B1FB00315078 /* Delegate.swift */; };
		E8F9E01A1E86B28900315078 /* Obj.swift in Sources */ = {isa = PBXBuildFile; fileRef = E8F9E0191E86B28900315078 /* Obj.swift */; };
		E8F9E01D1E86B4D800315078 /* Work.swift in Sources */ = {isa = PBXBuildFile; fileRef = E8F9E01C1E86B4D800315078 /* Work.swift */; };
		E8F9E01F1E86B4F400315078 /* State.swift in Sources */ = {isa = PBXBuildFile; fileRef = E8F9E01E1E86B4F400315078 /* State.swift */; };
		E8F9E0221E86B9D600315078 /* Player.swift in Sources */ = {isa = PBXBuildFile; fileRef = E8F9E0211E86B9D600315078 /* Player.swift */; };
		E8F9E0241E86BAAD00315078 /* ForeignCenter.swift in Sources */ = {isa = PBXBuildFile; fileRef = E8F9E0231E86BAAD00315078 /* ForeignCenter.swift */; };
		E8F9E0271E86BCAA00315078 /* GameRole.swift in Sources */ = {isa = PBXBuildFile; fileRef = E8F9E0261E86BCAA00315078 /* GameRole.swift */; };
		E8F9E0291E86BD5300315078 /* RoleStateMemento.swift in Sources */ = {isa = PBXBuildFile; fileRef = E8F9E0281E86BD5300315078 /* RoleStateMemento.swift */; };
		E8F9E02C1E86BF8100315078 /* Company.swift in Sources */ = {isa = PBXBuildFile; fileRef = E8F9E02B1E86BF8100315078 /* Company.swift */; };
		E8F9E02F1E87616000315078 /* Iterator.swift in Sources */ = {isa = PBXBuildFile; fileRef = E8F9E02E1E87616000315078 /* Iterator.swift */; };
		E8F9E0321E87632C00315078 /* SingletonClass.swift in Sources */ = {isa = PBXBuildFile; fileRef = E8F9E0311E87632C00315078 /* SingletonClass.swift */; };
		E8F9E0351E87650400315078 /* Handset.swift in Sources */ = {isa = PBXBuildFile; fileRef = E8F9E0341E87650400315078 /* Handset.swift */; };
		E8F9E0371E87659200315078 /* HandsetBrand.swift in Sources */ = {isa = PBXBuildFile; fileRef = E8F9E0361E87659200315078 /* HandsetBrand.swift */; };
		E8F9E03A1E8768D400315078 /* Barbecuer.swift in Sources */ = {isa = PBXBuildFile; fileRef = E8F9E0391E8768D400315078 /* Barbecuer.swift */; };
		E8F9E03C1E87699400315078 /* Command.swift in Sources */ = {isa = PBXBuildFile; fileRef = E8F9E03B1E87699400315078 /* Command.swift */; };
		E8F9E03F1E876CE100315078 /* Request.swift in Sources */ = {isa = PBXBuildFile; fileRef = E8F9E03E1E876CE100315078 /* Request.swift */; };
		E8F9E0411E876D5400315078 /* Manager.swift in Sources */ = {isa = PBXBuildFile; fileRef = E8F9E0401E876D5400315078 /* Manager.swift */; };
		E8F9E0441E87852D00315078 /* Mediator.swift in Sources */ = {isa = PBXBuildFile; fileRef = E8F9E0431E87852D00315078 /* Mediator.swift */; };
		E8F9E0471E878B2F00315078 /* Website.swift in Sources */ = {isa = PBXBuildFile; fileRef = E8F9E0461E878B2F00315078 /* Website.swift */; };
		E8F9E04A1E878E3100315078 /* PlayContext.swift in Sources */ = {isa = PBXBuildFile; fileRef = E8F9E0491E878E3100315078 /* PlayContext.swift */; };
		E8F9E04C1E878E6000315078 /* Expression.swift in Sources */ = {isa = PBXBuildFile; fileRef = E8F9E04B1E878E6000315078 /* Expression.swift */; };
/* End PBXBuildFile section */

/* Begin PBXCopyFilesBuildPhase section */
		E86B76271E7CE695003CDE9E /* CopyFiles */ = {
			isa = PBXCopyFilesBuildPhase;
			buildActionMask = 2147483647;
			dstPath = /usr/share/man/man1/;
			dstSubfolderSpec = 0;
			files = (
			);
			runOnlyForDeploymentPostprocessing = 1;
		};
/* End PBXCopyFilesBuildPhase section */

/* Begin PBXFileReference section */
		E801B8971E8684A900F6B56C /* Cash.swift */ = {isa = PBXFileReference; fileEncoding = 4; lastKnownFileType = sourcecode.swift; path = Cash.swift; sourceTree = "<group>"; };
		E801B8991E86887100F6B56C /* CashContext.swift */ = {isa = PBXFileReference; fileEncoding = 4; lastKnownFileType = sourcecode.swift; path = CashContext.swift; sourceTree = "<group>"; };
		E801B89C1E868E2C00F6B56C /* Person.swift */ = {isa = PBXFileReference; fileEncoding = 4; lastKnownFileType = sourcecode.swift; path = Person.swift; sourceTree = "<group>"; };
		E801B89E1E868EBC00F6B56C /* Finery.swift */ = {isa = PBXFileReference; fileEncoding = 4; lastKnownFileType = sourcecode.swift; path = Finery.swift; sourceTree = "<group>"; };
		E801B8A11E86939500F6B56C /* Pursuit.swift */ = {isa = PBXFileReference; fileEncoding = 4; lastKnownFileType = sourcecode.swift; path = Pursuit.swift; sourceTree = "<group>"; };
		E801B8A31E86964E00F6B56C /* Send.swift */ = {isa = PBXFileReference; fileEncoding = 4; lastKnownFileType = sourcecode.swift; path = Send.swift; sourceTree = "<group>"; };
		E801B8A61E869A1200F6B56C /* WorkExperience.swift */ = {isa = PBXFileReference; fileEncoding = 4; lastKnownFileType = sourcecode.swift; path = WorkExperience.swift; sourceTree = "<group>"; };
		E801B8A81E869ACC00F6B56C /* Resume.swift */ = {isa = PBXFileReference; fileEncoding = 4; lastKnownFileType = sourcecode.swift; path = Resume.swift; sourceTree = "<group>"; };
		E801B8AB1E869E7F00F6B56C /* Exam.swift */ = {isa = PBXFileReference; fileEncoding = 4; lastKnownFileType = sourcecode.swift; path = Exam.swift; sourceTree = "<group>"; };
		E801B8AD1E869FD100F6B56C /* Paper.swift */ = {isa = PBXFileReference; fileEncoding = 4; lastKnownFileType = sourcecode.swift; path = Paper.swift; sourceTree = "<group>"; };
		E801B8B01E86A35400F6B56C /* Stock.swift */ = {isa = PBXFileReference; fileEncoding = 4; lastKnownFileType = sourcecode.swift; path = Stock.swift; sourceTree = "<group>"; };
		E801B8B21E86A51600F6B56C /* Fund.swift */ = {isa = PBXFileReference; fileEncoding = 4; lastKnownFileType = sourcecode.swift; path = Fund.swift; sourceTree = "<group>"; };
		E80B4CD01E8672C1006A6EB3 /* Factory_Method.swift */ = {isa = PBXFileReference; fileEncoding = 4; lastKnownFileType = sourcecode.swift; path = Factory_Method.swift; sourceTree = "<group>"; };
		E80B4CD21E8672F8006A6EB3 /* Abstract_Factory.swift */ = {isa = PBXFileReference; fileEncoding = 4; lastKnownFileType = sourcecode.swift; path = Abstract_Factory.swift; sourceTree = "<group>"; };
		E80B4CD41E8675C7006A6EB3 /* User.swift */ = {isa = PBXFileReference; fileEncoding = 4; lastKnownFileType = sourcecode.swift; path = User.swift; sourceTree = "<group>"; };
		E80B4CD61E8675DE006A6EB3 /* Department.swift */ = {isa = PBXFileReference; fileEncoding = 4; lastKnownFileType = sourcecode.swift; path = Department.swift; sourceTree = "<group>"; };
		E86B76291E7CE695003CDE9E /* Patterns */ = {isa = PBXFileReference; explicitFileType = "compiled.mach-o.executable"; includeInIndex = 0; path = Patterns; sourceTree = BUILT_PRODUCTS_DIR; };
		E86B762C1E7CE695003CDE9E /* main.swift */ = {isa = PBXFileReference; lastKnownFileType = sourcecode.swift; path = main.swift; sourceTree = "<group>"; };
		E86B76341E7CE70B003CDE9E /* Simple_Factory.swift */ = {isa = PBXFileReference; fileEncoding = 4; lastKnownFileType = sourcecode.swift; path = Simple_Factory.swift; sourceTree = "<group>"; };
		E8F9E00F1E86A8B900315078 /* PersonBulider.swift */ = {isa = PBXFileReference; fileEncoding = 4; lastKnownFileType = sourcecode.swift; path = PersonBulider.swift; sourceTree = "<group>"; };
		E8F9E0121E86ADED00315078 /* Subject.swift */ = {isa = PBXFileReference; fileEncoding = 4; lastKnownFileType = sourcecode.swift; path = Subject.swift; sourceTree = "<group>"; };
		E8F9E0141E86AE5500315078 /* Observer.swift */ = {isa = PBXFileReference; fileEncoding = 4; lastKnownFileType = sourcecode.swift; path = Observer.swift; sourceTree = "<group>"; };
		E8F9E0171E86B1FB00315078 /* Delegate.swift */ = {isa = PBXFileReference; fileEncoding = 4; lastKnownFileType = sourcecode.swift; path = Delegate.swift; sourceTree = "<group>"; };
		E8F9E0191E86B28900315078 /* Obj.swift */ = {isa = PBXFileReference; fileEncoding = 4; lastKnownFileType = sourcecode.swift; path = Obj.swift; sourceTree = "<group>"; };
		E8F9E01C1E86B4D800315078 /* Work.swift */ = {isa = PBXFileReference; fileEncoding = 4; lastKnownFileType = sourcecode.swift; path = Work.swift; sourceTree = "<group>"; };
		E8F9E01E1E86B4F400315078 /* State.swift */ = {isa = PBXFileReference; fileEncoding = 4; lastKnownFileType = sourcecode.swift; path = State.swift; sourceTree = "<group>"; };
		E8F9E0211E86B9D600315078 /* Player.swift */ = {isa = PBXFileReference; fileEncoding = 4; lastKnownFileType = sourcecode.swift; path = Player.swift; sourceTree = "<group>"; };
		E8F9E0231E86BAAD00315078 /* ForeignCenter.swift */ = {isa = PBXFileReference; fileEncoding = 4; lastKnownFileType = sourcecode.swift; path = ForeignCenter.swift; sourceTree = "<group>"; };
		E8F9E0261E86BCAA00315078 /* GameRole.swift */ = {isa = PBXFileReference; fileEncoding = 4; lastKnownFileType = sourcecode.swift; path = GameRole.swift; sourceTree = "<group>"; };
		E8F9E0281E86BD5300315078 /* RoleStateMemento.swift */ = {isa = PBXFileReference; fileEncoding = 4; lastKnownFileType = sourcecode.swift; path = RoleStateMemento.swift; sourceTree = "<group>"; };
		E8F9E02B1E86BF8100315078 /* Company.swift */ = {isa = PBXFileReference; fileEncoding = 4; lastKnownFileType = sourcecode.swift; path = Company.swift; sourceTree = "<group>"; };
		E8F9E02E1E87616000315078 /* Iterator.swift */ = {isa = PBXFileReference; fileEncoding = 4; lastKnownFileType = sourcecode.swift; path = Iterator.swift; sourceTree = "<group>"; };
		E8F9E0311E87632C00315078 /* SingletonClass.swift */ = {isa = PBXFileReference; fileEncoding = 4; lastKnownFileType = sourcecode.swift; path = SingletonClass.swift; sourceTree = "<group>"; };
		E8F9E0341E87650400315078 /* Handset.swift */ = {isa = PBXFileReference; fileEncoding = 4; lastKnownFileType = sourcecode.swift; path = Handset.swift; sourceTree = "<group>"; };
		E8F9E0361E87659200315078 /* HandsetBrand.swift */ = {isa = PBXFileReference; fileEncoding = 4; lastKnownFileType = sourcecode.swift; path = HandsetBrand.swift; sourceTree = "<group>"; };
		E8F9E0391E8768D400315078 /* Barbecuer.swift */ = {isa = PBXFileReference; fileEncoding = 4; lastKnownFileType = sourcecode.swift; path = Barbecuer.swift; sourceTree = "<group>"; };
		E8F9E03B1E87699400315078 /* Command.swift */ = {isa = PBXFileReference; fileEncoding = 4; lastKnownFileType = sourcecode.swift; path = Command.swift; sourceTree = "<group>"; };
		E8F9E03E1E876CE100315078 /* Request.swift */ = {isa = PBXFileReference; fileEncoding = 4; lastKnownFileType = sourcecode.swift; path = Request.swift; sourceTree = "<group>"; };
		E8F9E0401E876D5400315078 /* Manager.swift */ = {isa = PBXFileReference; fileEncoding = 4; lastKnownFileType = sourcecode.swift; path = Manager.swift; sourceTree = "<group>"; };
		E8F9E0431E87852D00315078 /* Mediator.swift */ = {isa = PBXFileReference; fileEncoding = 4; lastKnownFileType = sourcecode.swift; path = Mediator.swift; sourceTree = "<group>"; };
		E8F9E0461E878B2F00315078 /* Website.swift */ = {isa = PBXFileReference; fileEncoding = 4; lastKnownFileType = sourcecode.swift; path = Website.swift; sourceTree = "<group>"; };
		E8F9E0491E878E3100315078 /* PlayContext.swift */ = {isa = PBXFileReference; fileEncoding = 4; lastKnownFileType = sourcecode.swift; path = PlayContext.swift; sourceTree = "<group>"; };
		E8F9E04B1E878E6000315078 /* Expression.swift */ = {isa = PBXFileReference; fileEncoding = 4; lastKnownFileType = sourcecode.swift; path = Expression.swift; sourceTree = "<group>"; };
/* End PBXFileReference section */

/* Begin PBXFrameworksBuildPhase section */
		E86B76261E7CE695003CDE9E /* Frameworks */ = {
			isa = PBXFrameworksBuildPhase;
			buildActionMask = 2147483647;
			files = (
			);
			runOnlyForDeploymentPostprocessing = 0;
		};
/* End PBXFrameworksBuildPhase section */

/* Begin PBXGroup section */
		E801B8961E86843A00F6B56C /* Strategy */ = {
			isa = PBXGroup;
			children = (
				E801B8971E8684A900F6B56C /* Cash.swift */,
				E801B8991E86887100F6B56C /* CashContext.swift */,
			);
			path = Strategy;
			sourceTree = "<group>";
		};
		E801B89B1E868C8200F6B56C /* Decorator */ = {
			isa = PBXGroup;
			children = (
				E801B89C1E868E2C00F6B56C /* Person.swift */,
				E801B89E1E868EBC00F6B56C /* Finery.swift */,
			);
			path = Decorator;
			sourceTree = "<group>";
		};
		E801B8A01E8692D600F6B56C /* Proxy */ = {
			isa = PBXGroup;
			children = (
				E801B8A11E86939500F6B56C /* Pursuit.swift */,
				E801B8A31E86964E00F6B56C /* Send.swift */,
			);
			path = Proxy;
			sourceTree = "<group>";
		};
		E801B8A51E8699C100F6B56C /* Prototype */ = {
			isa = PBXGroup;
			children = (
				E801B8A61E869A1200F6B56C /* WorkExperience.swift */,
				E801B8A81E869ACC00F6B56C /* Resume.swift */,
			);
			path = Prototype;
			sourceTree = "<group>";
		};
		E801B8AA1E869D7100F6B56C /* Template */ = {
			isa = PBXGroup;
			children = (
				E801B8AB1E869E7F00F6B56C /* Exam.swift */,
				E801B8AD1E869FD100F6B56C /* Paper.swift */,
			);
			path = Template;
			sourceTree = "<group>";
		};
		E801B8AF1E86A1F300F6B56C /* Facade */ = {
			isa = PBXGroup;
			children = (
				E801B8B01E86A35400F6B56C /* Stock.swift */,
				E801B8B21E86A51600F6B56C /* Fund.swift */,
			);
			path = Facade;
			sourceTree = "<group>";
		};
		E80B4CCD1E867272006A6EB3 /* Factory_Method */ = {
			isa = PBXGroup;
			children = (
				E80B4CD01E8672C1006A6EB3 /* Factory_Method.swift */,
			);
			path = Factory_Method;
			sourceTree = "<group>";
		};
		E80B4CCF1E867277006A6EB3 /* Abstract_Factory */ = {
			isa = PBXGroup;
			children = (
				E80B4CD21E8672F8006A6EB3 /* Abstract_Factory.swift */,
				E80B4CD41E8675C7006A6EB3 /* User.swift */,
				E80B4CD61E8675DE006A6EB3 /* Department.swift */,
			);
			path = Abstract_Factory;
			sourceTree = "<group>";
		};
		E86B76201E7CE695003CDE9E = {
			isa = PBXGroup;
			children = (
				E86B762B1E7CE695003CDE9E /* Patterns */,
				E86B762A1E7CE695003CDE9E /* Products */,
			);
			sourceTree = "<group>";
		};
		E86B762A1E7CE695003CDE9E /* Products */ = {
			isa = PBXGroup;
			children = (
				E86B76291E7CE695003CDE9E /* Patterns */,
			);
			name = Products;
			sourceTree = "<group>";
		};
		E86B762B1E7CE695003CDE9E /* Patterns */ = {
			isa = PBXGroup;
			children = (
				E8F9E0481E878DBA00315078 /* Interpreter */,
				E8F9E0451E878AF500315078 /* Flyweight */,
				E8F9E0421E8784B500315078 /* Mediator */,
				E8F9E03D1E876CA200315078 /* Chain_of_Responsibility */,
				E8F9E0381E87685300315078 /* Command */,
				E8F9E0331E8764C900315078 /* Bridge */,
				E8F9E0301E87631500315078 /* Singleton */,
				E8F9E02D1E87613500315078 /* Iterator */,
				E8F9E02A1E86BF3900315078 /* Composite */,
				E8F9E0251E86BC7D00315078 /* Memento */,
				E8F9E0201E86B95B00315078 /* Adapter */,
				E8F9E01B1E86B49400315078 /* State */,
				E8F9E0161E86B19D00315078 /* Delegate */,
				E8F9E0111E86ADD500315078 /* Observer */,
				E8F9E00E1E86A87E00315078 /* Builder */,
				E801B8AF1E86A1F300F6B56C /* Facade */,
				E801B8AA1E869D7100F6B56C /* Template */,
				E801B8A51E8699C100F6B56C /* Prototype */,
				E801B8A01E8692D600F6B56C /* Proxy */,
				E801B89B1E868C8200F6B56C /* Decorator */,
				E801B8961E86843A00F6B56C /* Strategy */,
				E80B4CCF1E867277006A6EB3 /* Abstract_Factory */,
				E80B4CCD1E867272006A6EB3 /* Factory_Method */,
				E86B76331E7CE6F4003CDE9E /* Simple_Factory */,
				E86B762C1E7CE695003CDE9E /* main.swift */,
			);
			path = Patterns;
			sourceTree = "<group>";
		};
		E86B76331E7CE6F4003CDE9E /* Simple_Factory */ = {
			isa = PBXGroup;
			children = (
				E86B76341E7CE70B003CDE9E /* Simple_Factory.swift */,
			);
			path = Simple_Factory;
			sourceTree = "<group>";
		};
		E8F9E00E1E86A87E00315078 /* Builder */ = {
			isa = PBXGroup;
			children = (
				E8F9E00F1E86A8B900315078 /* PersonBulider.swift */,
			);
			path = Builder;
			sourceTree = "<group>";
		};
		E8F9E0111E86ADD500315078 /* Observer */ = {
			isa = PBXGroup;
			children = (
				E8F9E0121E86ADED00315078 /* Subject.swift */,
				E8F9E0141E86AE5500315078 /* Observer.swift */,
			);
			path = Observer;
			sourceTree = "<group>";
		};
		E8F9E0161E86B19D00315078 /* Delegate */ = {
			isa = PBXGroup;
			children = (
				E8F9E0171E86B1FB00315078 /* Delegate.swift */,
				E8F9E0191E86B28900315078 /* Obj.swift */,
			);
			path = Delegate;
			sourceTree = "<group>";
		};
		E8F9E01B1E86B49400315078 /* State */ = {
			isa = PBXGroup;
			children = (
				E8F9E01C1E86B4D800315078 /* Work.swift */,
				E8F9E01E1E86B4F400315078 /* State.swift */,
			);
			path = State;
			sourceTree = "<group>";
		};
		E8F9E0201E86B95B00315078 /* Adapter */ = {
			isa = PBXGroup;
			children = (
				E8F9E0211E86B9D600315078 /* Player.swift */,
				E8F9E0231E86BAAD00315078 /* ForeignCenter.swift */,
			);
			path = Adapter;
			sourceTree = "<group>";
		};
		E8F9E0251E86BC7D00315078 /* Memento */ = {
			isa = PBXGroup;
			children = (
				E8F9E0261E86BCAA00315078 /* GameRole.swift */,
				E8F9E0281E86BD5300315078 /* RoleStateMemento.swift */,
			);
			path = Memento;
			sourceTree = "<group>";
		};
		E8F9E02A1E86BF3900315078 /* Composite */ = {
			isa = PBXGroup;
			children = (
				E8F9E02B1E86BF8100315078 /* Company.swift */,
			);
			path = Composite;
			sourceTree = "<group>";
		};
		E8F9E02D1E87613500315078 /* Iterator */ = {
			isa = PBXGroup;
			children = (
				E8F9E02E1E87616000315078 /* Iterator.swift */,
			);
			path = Iterator;
			sourceTree = "<group>";
		};
		E8F9E0301E87631500315078 /* Singleton */ = {
			isa = PBXGroup;
			children = (
				E8F9E0311E87632C00315078 /* SingletonClass.swift */,
			);
			path = Singleton;
			sourceTree = "<group>";
		};
		E8F9E0331E8764C900315078 /* Bridge */ = {
			isa = PBXGroup;
			children = (
				E8F9E0341E87650400315078 /* Handset.swift */,
				E8F9E0361E87659200315078 /* HandsetBrand.swift */,
			);
			path = Bridge;
			sourceTree = "<group>";
		};
		E8F9E0381E87685300315078 /* Command */ = {
			isa = PBXGroup;
			children = (
				E8F9E0391E8768D400315078 /* Barbecuer.swift */,
				E8F9E03B1E87699400315078 /* Command.swift */,
			);
			path = Command;
			sourceTree = "<group>";
		};
		E8F9E03D1E876CA200315078 /* Chain_of_Responsibility */ = {
			isa = PBXGroup;
			children = (
				E8F9E03E1E876CE100315078 /* Request.swift */,
				E8F9E0401E876D5400315078 /* Manager.swift */,
			);
			path = Chain_of_Responsibility;
			sourceTree = "<group>";
		};
		E8F9E0421E8784B500315078 /* Mediator */ = {
			isa = PBXGroup;
			children = (
				E8F9E0431E87852D00315078 /* Mediator.swift */,
			);
			path = Mediator;
			sourceTree = "<group>";
		};
		E8F9E0451E878AF500315078 /* Flyweight */ = {
			isa = PBXGroup;
			children = (
				E8F9E0461E878B2F00315078 /* Website.swift */,
			);
			path = Flyweight;
			sourceTree = "<group>";
		};
		E8F9E0481E878DBA00315078 /* Interpreter */ = {
			isa = PBXGroup;
			children = (
				E8F9E0491E878E3100315078 /* PlayContext.swift */,
				E8F9E04B1E878E6000315078 /* Expression.swift */,
			);
			path = Interpreter;
			sourceTree = "<group>";
		};
/* End PBXGroup section */

/* Begin PBXNativeTarget section */
		E86B76281E7CE695003CDE9E /* Patterns */ = {
			isa = PBXNativeTarget;
			buildConfigurationList = E86B76301E7CE695003CDE9E /* Build configuration list for PBXNativeTarget "Patterns" */;
			buildPhases = (
				E86B76251E7CE695003CDE9E /* Sources */,
				E86B76261E7CE695003CDE9E /* Frameworks */,
				E86B76271E7CE695003CDE9E /* CopyFiles */,
			);
			buildRules = (
			);
			dependencies = (
			);
			name = Patterns;
			productName = Patterns;
			productReference = E86B76291E7CE695003CDE9E /* Patterns */;
			productType = "com.apple.product-type.tool";
		};
/* End PBXNativeTarget section */

/* Begin PBXProject section */
		E86B76211E7CE695003CDE9E /* Project object */ = {
			isa = PBXProject;
			attributes = {
				LastSwiftUpdateCheck = 0820;
				LastUpgradeCheck = 0820;
				ORGANIZATIONNAME = Silence;
				TargetAttributes = {
					E86B76281E7CE695003CDE9E = {
						CreatedOnToolsVersion = 8.2.1;
						ProvisioningStyle = Automatic;
					};
				};
			};
			buildConfigurationList = E86B76241E7CE695003CDE9E /* Build configuration list for PBXProject "Patterns" */;
			compatibilityVersion = "Xcode 3.2";
			developmentRegion = English;
			hasScannedForEncodings = 0;
			knownRegions = (
				en,
			);
			mainGroup = E86B76201E7CE695003CDE9E;
			productRefGroup = E86B762A1E7CE695003CDE9E /* Products */;
			projectDirPath = "";
			projectRoot = "";
			targets = (
				E86B76281E7CE695003CDE9E /* Patterns */,
			);
		};
/* End PBXProject section */

/* Begin PBXSourcesBuildPhase section */
		E86B76251E7CE695003CDE9E /* Sources */ = {
			isa = PBXSourcesBuildPhase;
			buildActionMask = 2147483647;
			files = (
				E801B89A1E86887100F6B56C /* CashContext.swift in Sources */,
				E801B8B11E86A35400F6B56C /* Stock.swift in Sources */,
				E80B4CD31E8672F8006A6EB3 /* Abstract_Factory.swift in Sources */,
				E86B76351E7CE70B003CDE9E /* Simple_Factory.swift in Sources */,
				E80B4CD11E8672C1006A6EB3 /* Factory_Method.swift in Sources */,
				E8F9E04C1E878E6000315078 /* Expression.swift in Sources */,
				E8F9E0411E876D5400315078 /* Manager.swift in Sources */,
				E801B8981E8684A900F6B56C /* Cash.swift in Sources */,
				E801B8A21E86939500F6B56C /* Pursuit.swift in Sources */,
				E8F9E0101E86A8B900315078 /* PersonBulider.swift in Sources */,
				E8F9E0241E86BAAD00315078 /* ForeignCenter.swift in Sources */,
				E8F9E01D1E86B4D800315078 /* Work.swift in Sources */,
				E8F9E0181E86B1FB00315078 /* Delegate.swift in Sources */,
				E80B4CD51E8675C7006A6EB3 /* User.swift in Sources */,
				E801B8A41E86964E00F6B56C /* Send.swift in Sources */,
				E801B89D1E868E2C00F6B56C /* Person.swift in Sources */,
				E86B762D1E7CE695003CDE9E /* main.swift in Sources */,
				E801B8A91E869ACC00F6B56C /* Resume.swift in Sources */,
				E8F9E01A1E86B28900315078 /* Obj.swift in Sources */,
				E8F9E0271E86BCAA00315078 /* GameRole.swift in Sources */,
				E8F9E04A1E878E3100315078 /* PlayContext.swift in Sources */,
				E801B8B31E86A51600F6B56C /* Fund.swift in Sources */,
				E801B8AC1E869E7F00F6B56C /* Exam.swift in Sources */,
				E8F9E0221E86B9D600315078 /* Player.swift in Sources */,
				E801B89F1E868EBC00F6B56C /* Finery.swift in Sources */,
				E8F9E0131E86ADED00315078 /* Subject.swift in Sources */,
				E8F9E03F1E876CE100315078 /* Request.swift in Sources */,
				E8F9E03C1E87699400315078 /* Command.swift in Sources */,
				E8F9E0351E87650400315078 /* Handset.swift in Sources */,
				E8F9E02C1E86BF8100315078 /* Company.swift in Sources */,
				E8F9E0321E87632C00315078 /* SingletonClass.swift in Sources */,
				E801B8A71E869A1200F6B56C /* WorkExperience.swift in Sources */,
				E8F9E0441E87852D00315078 /* Mediator.swift in Sources */,
				E8F9E0291E86BD5300315078 /* RoleStateMemento.swift in Sources */,
				E801B8AE1E869FD100F6B56C /* Paper.swift in Sources */,
				E8F9E0151E86AE5500315078 /* Observer.swift in Sources */,
				E8F9E02F1E87616000315078 /* Iterator.swift in Sources */,
				E8F9E0471E878B2F00315078 /* Website.swift in Sources */,
				E8F9E0371E87659200315078 /* HandsetBrand.swift in Sources */,
				E8F9E01F1E86B4F400315078 /* State.swift in Sources */,
				E80B4CD71E8675DE006A6EB3 /* Department.swift in Sources */,
				E8F9E03A1E8768D400315078 /* Barbecuer.swift in Sources */,
			);
			runOnlyForDeploymentPostprocessing = 0;
		};
/* End PBXSourcesBuildPhase section */

/* Begin XCBuildConfiguration section */
		E86B762E1E7CE695003CDE9E /* Debug */ = {
			isa = XCBuildConfiguration;
			buildSettings = {
				ALWAYS_SEARCH_USER_PATHS = NO;
				CLANG_ANALYZER_NONNULL = YES;
				CLANG_CXX_LANGUAGE_STANDARD = "gnu++0x";
				CLANG_CXX_LIBRARY = "libc++";
				CLANG_ENABLE_MODULES = YES;
				CLANG_ENABLE_OBJC_ARC = YES;
				CLANG_WARN_BOOL_CONVERSION = YES;
				CLANG_WARN_CONSTANT_CONVERSION = YES;
				CLANG_WARN_DIRECT_OBJC_ISA_USAGE = YES_ERROR;
				CLANG_WARN_DOCUMENTATION_COMMENTS = YES;
				CLANG_WARN_EMPTY_BODY = YES;
				CLANG_WARN_ENUM_CONVERSION = YES;
				CLANG_WARN_INFINITE_RECURSION = YES;
				CLANG_WARN_INT_CONVERSION = YES;
				CLANG_WARN_OBJC_ROOT_CLASS = YES_ERROR;
				CLANG_WARN_SUSPICIOUS_MOVE = YES;
				CLANG_WARN_UNREACHABLE_CODE = YES;
				CLANG_WARN__DUPLICATE_METHOD_MATCH = YES;
				CODE_SIGN_IDENTITY = "-";
				COPY_PHASE_STRIP = NO;
				DEBUG_INFORMATION_FORMAT = dwarf;
				ENABLE_STRICT_OBJC_MSGSEND = YES;
				ENABLE_TESTABILITY = YES;
				GCC_C_LANGUAGE_STANDARD = gnu99;
				GCC_DYNAMIC_NO_PIC = NO;
				GCC_NO_COMMON_BLOCKS = YES;
				GCC_OPTIMIZATION_LEVEL = 0;
				GCC_PREPROCESSOR_DEFINITIONS = (
					"DEBUG=1",
					"$(inherited)",
				);
				GCC_WARN_64_TO_32_BIT_CONVERSION = YES;
				GCC_WARN_ABOUT_RETURN_TYPE = YES_ERROR;
				GCC_WARN_UNDECLARED_SELECTOR = YES;
				GCC_WARN_UNINITIALIZED_AUTOS = YES_AGGRESSIVE;
				GCC_WARN_UNUSED_FUNCTION = YES;
				GCC_WARN_UNUSED_VARIABLE = YES;
				MACOSX_DEPLOYMENT_TARGET = 10.12;
				MTL_ENABLE_DEBUG_INFO = YES;
				ONLY_ACTIVE_ARCH = YES;
				SDKROOT = macosx;
				SWIFT_OPTIMIZATION_LEVEL = "-Onone";
			};
			name = Debug;
		};
		E86B762F1E7CE695003CDE9E /* Release */ = {
			isa = XCBuildConfiguration;
			buildSettings = {
				ALWAYS_SEARCH_USER_PATHS = NO;
				CLANG_ANALYZER_NONNULL = YES;
				CLANG_CXX_LANGUAGE_STANDARD = "gnu++0x";
				CLANG_CXX_LIBRARY = "libc++";
				CLANG_ENABLE_MODULES = YES;
				CLANG_ENABLE_OBJC_ARC = YES;
				CLANG_WARN_BOOL_CONVERSION = YES;
				CLANG_WARN_CONSTANT_CONVERSION = YES;
				CLANG_WARN_DIRECT_OBJC_ISA_USAGE = YES_ERROR;
				CLANG_WARN_DOCUMENTATION_COMMENTS = YES;
				CLANG_WARN_EMPTY_BODY = YES;
				CLANG_WARN_ENUM_CONVERSION = YES;
				CLANG_WARN_INFINITE_RECURSION = YES;
				CLANG_WARN_INT_CONVERSION = YES;
				CLANG_WARN_OBJC_ROOT_CLASS = YES_ERROR;
				CLANG_WARN_SUSPICIOUS_MOVE = YES;
				CLANG_WARN_UNREACHABLE_CODE = YES;
				CLANG_WARN__DUPLICATE_METHOD_MATCH = YES;
				CODE_SIGN_IDENTITY = "-";
				COPY_PHASE_STRIP = NO;
				DEBUG_INFORMATION_FORMAT = "dwarf-with-dsym";
				ENABLE_NS_ASSERTIONS = NO;
				ENABLE_STRICT_OBJC_MSGSEND = YES;
				GCC_C_LANGUAGE_STANDARD = gnu99;
				GCC_NO_COMMON_BLOCKS = YES;
				GCC_WARN_64_TO_32_BIT_CONVERSION = YES;
				GCC_WARN_ABOUT_RETURN_TYPE = YES_ERROR;
				GCC_WARN_UNDECLARED_SELECTOR = YES;
				GCC_WARN_UNINITIALIZED_AUTOS = YES_AGGRESSIVE;
				GCC_WARN_UNUSED_FUNCTION = YES;
				GCC_WARN_UNUSED_VARIABLE = YES;
				MACOSX_DEPLOYMENT_TARGET = 10.12;
				MTL_ENABLE_DEBUG_INFO = NO;
				SDKROOT = macosx;
			};
			name = Release;
		};
		E86B76311E7CE695003CDE9E /* Debug */ = {
			isa = XCBuildConfiguration;
			buildSettings = {
				PRODUCT_NAME = "$(TARGET_NAME)";
				SWIFT_VERSION = 3.0;
			};
			name = Debug;
		};
		E86B76321E7CE695003CDE9E /* Release */ = {
			isa = XCBuildConfiguration;
			buildSettings = {
				PRODUCT_NAME = "$(TARGET_NAME)";
				SWIFT_VERSION = 3.0;
			};
			name = Release;
		};
/* End XCBuildConfiguration section */

/* Begin XCConfigurationList section */
		E86B76241E7CE695003CDE9E /* Build configuration list for PBXProject "Patterns" */ = {
			isa = XCConfigurationList;
			buildConfigurations = (
				E86B762E1E7CE695003CDE9E /* Debug */,
				E86B762F1E7CE695003CDE9E /* Release */,
			);
			defaultConfigurationIsVisible = 0;
			defaultConfigurationName = Release;
		};
		E86B76301E7CE695003CDE9E /* Build configuration list for PBXNativeTarget "Patterns" */ = {
			isa = XCConfigurationList;
			buildConfigurations = (
				E86B76311E7CE695003CDE9E /* Debug */,
				E86B76321E7CE695003CDE9E /* Release */,
			);
			defaultConfigurationIsVisible = 0;
			defaultConfigurationName = Release;
		};
/* End XCConfigurationList section */
	};
	rootObject = E86B76211E7CE695003CDE9E /* Project object */;
}
